// !$*UTF8*$!
{
	archiveVersion = 1;
	classes = {
	};
	objectVersion = 56;
	objects = {

/* Begin PBXBuildFile section */
		E94AF5A42A053B6800FBD86D /* Kingfisher in Frameworks */ = {isa = PBXBuildFile; productRef = E94AF5A32A053B6800FBD86D /* Kingfisher */; };
		E94AF5A62A05401900FBD86D /* SearchViewModel.swift in Sources */ = {isa = PBXBuildFile; fileRef = E94AF5A52A05401900FBD86D /* SearchViewModel.swift */; };
		E963C3342A07F3BF0029BF9E /* EpisodeViewController.swift in Sources */ = {isa = PBXBuildFile; fileRef = E963C3332A07F3BF0029BF9E /* EpisodeViewController.swift */; };
		E963C3362A07F7EC0029BF9E /* EpisodeViewCell.swift in Sources */ = {isa = PBXBuildFile; fileRef = E963C3352A07F7EC0029BF9E /* EpisodeViewCell.swift */; };
		E98888392A0803E800C8D46E /* FeedKit in Frameworks */ = {isa = PBXBuildFile; productRef = E98888382A0803E800C8D46E /* FeedKit */; };
		E988883B2A0803EF00C8D46E /* EpisodeService.swift in Sources */ = {isa = PBXBuildFile; fileRef = E988883A2A0803EF00C8D46E /* EpisodeService.swift */; };
		E988883E2A0805F800C8D46E /* Extension.swift in Sources */ = {isa = PBXBuildFile; fileRef = E988883D2A0805F800C8D46E /* Extension.swift */; };
		E9940EDA2A04486800A55D07 /* SearchModel.swift in Sources */ = {isa = PBXBuildFile; fileRef = E9940ED92A04486800A55D07 /* SearchModel.swift */; };
		E9940EDD2A0449FA00A55D07 /* SearchService.swift in Sources */ = {isa = PBXBuildFile; fileRef = E9940EDC2A0449FA00A55D07 /* SearchService.swift */; };
		E9B26F142A03C0E8007C57D0 /* AppDelegate.swift in Sources */ = {isa = PBXBuildFile; fileRef = E9B26F132A03C0E8007C57D0 /* AppDelegate.swift */; };
		E9B26F162A03C0E8007C57D0 /* SceneDelegate.swift in Sources */ = {isa = PBXBuildFile; fileRef = E9B26F152A03C0E8007C57D0 /* SceneDelegate.swift */; };
		E9B26F182A03C0E8007C57D0 /* ViewController.swift in Sources */ = {isa = PBXBuildFile; fileRef = E9B26F172A03C0E8007C57D0 /* ViewController.swift */; };
		E9B26F1D2A03C0E9007C57D0 /* Assets.xcassets in Resources */ = {isa = PBXBuildFile; fileRef = E9B26F1C2A03C0E9007C57D0 /* Assets.xcassets */; };
		E9B26F202A03C0E9007C57D0 /* LaunchScreen.storyboard in Resources */ = {isa = PBXBuildFile; fileRef = E9B26F1E2A03C0E9007C57D0 /* LaunchScreen.storyboard */; };
		E9B26F2D2A03C1EE007C57D0 /* MainTabbarViewController.swift in Sources */ = {isa = PBXBuildFile; fileRef = E9B26F2C2A03C1EE007C57D0 /* MainTabbarViewController.swift */; };
		E9B26F2F2A03C2E1007C57D0 /* FavoriteViewController.swift in Sources */ = {isa = PBXBuildFile; fileRef = E9B26F2E2A03C2E1007C57D0 /* FavoriteViewController.swift */; };
		E9B26F312A03C2EA007C57D0 /* SearchViewController.swift in Sources */ = {isa = PBXBuildFile; fileRef = E9B26F302A03C2EA007C57D0 /* SearchViewController.swift */; };
		E9B26F332A03C301007C57D0 /* DownloadsViewController.swift in Sources */ = {isa = PBXBuildFile; fileRef = E9B26F322A03C301007C57D0 /* DownloadsViewController.swift */; };
		E9B26F362A03DC78007C57D0 /* PodcastTableView.swift in Sources */ = {isa = PBXBuildFile; fileRef = E9B26F352A03DC78007C57D0 /* PodcastTableView.swift */; };
		E9B26F392A03E6E9007C57D0 /* Alamofire in Frameworks */ = {isa = PBXBuildFile; productRef = E9B26F382A03E6E9007C57D0 /* Alamofire */; };
		E9B26F3B2A03F69E007C57D0 /* SearchViewCell.swift in Sources */ = {isa = PBXBuildFile; fileRef = E9B26F3A2A03F69E007C57D0 /* SearchViewCell.swift */; };
		E9B26F432A03F862007C57D0 /* SnapKit in Frameworks */ = {isa = PBXBuildFile; productRef = E9B26F422A03F862007C57D0 /* SnapKit */; };
/* End PBXBuildFile section */

/* Begin PBXFileReference section */
		E94AF5A52A05401900FBD86D /* SearchViewModel.swift */ = {isa = PBXFileReference; lastKnownFileType = sourcecode.swift; path = SearchViewModel.swift; sourceTree = "<group>"; };
		E963C3332A07F3BF0029BF9E /* EpisodeViewController.swift */ = {isa = PBXFileReference; lastKnownFileType = sourcecode.swift; path = EpisodeViewController.swift; sourceTree = "<group>"; };
		E963C3352A07F7EC0029BF9E /* EpisodeViewCell.swift */ = {isa = PBXFileReference; lastKnownFileType = sourcecode.swift; path = EpisodeViewCell.swift; sourceTree = "<group>"; };
		E988883A2A0803EF00C8D46E /* EpisodeService.swift */ = {isa = PBXFileReference; lastKnownFileType = sourcecode.swift; path = EpisodeService.swift; sourceTree = "<group>"; };
		E988883D2A0805F800C8D46E /* Extension.swift */ = {isa = PBXFileReference; lastKnownFileType = sourcecode.swift; path = Extension.swift; sourceTree = "<group>"; };
		E9940ED92A04486800A55D07 /* SearchModel.swift */ = {isa = PBXFileReference; lastKnownFileType = sourcecode.swift; path = SearchModel.swift; sourceTree = "<group>"; };
		E9940EDC2A0449FA00A55D07 /* SearchService.swift */ = {isa = PBXFileReference; lastKnownFileType = sourcecode.swift; path = SearchService.swift; sourceTree = "<group>"; };
		E9B26F102A03C0E8007C57D0 /* Podcast.app */ = {isa = PBXFileReference; explicitFileType = wrapper.application; includeInIndex = 0; path = Podcast.app; sourceTree = BUILT_PRODUCTS_DIR; };
		E9B26F132A03C0E8007C57D0 /* AppDelegate.swift */ = {isa = PBXFileReference; lastKnownFileType = sourcecode.swift; path = AppDelegate.swift; sourceTree = "<group>"; };
		E9B26F152A03C0E8007C57D0 /* SceneDelegate.swift */ = {isa = PBXFileReference; lastKnownFileType = sourcecode.swift; path = SceneDelegate.swift; sourceTree = "<group>"; };
		E9B26F172A03C0E8007C57D0 /* ViewController.swift */ = {isa = PBXFileReference; lastKnownFileType = sourcecode.swift; path = ViewController.swift; sourceTree = "<group>"; };
		E9B26F1C2A03C0E9007C57D0 /* Assets.xcassets */ = {isa = PBXFileReference; lastKnownFileType = folder.assetcatalog; path = Assets.xcassets; sourceTree = "<group>"; };
		E9B26F1F2A03C0E9007C57D0 /* Base */ = {isa = PBXFileReference; lastKnownFileType = file.storyboard; name = Base; path = Base.lproj/LaunchScreen.storyboard; sourceTree = "<group>"; };
		E9B26F212A03C0E9007C57D0 /* Info.plist */ = {isa = PBXFileReference; lastKnownFileType = text.plist.xml; path = Info.plist; sourceTree = "<group>"; };
		E9B26F2C2A03C1EE007C57D0 /* MainTabbarViewController.swift */ = {isa = PBXFileReference; lastKnownFileType = sourcecode.swift; path = MainTabbarViewController.swift; sourceTree = "<group>"; };
		E9B26F2E2A03C2E1007C57D0 /* FavoriteViewController.swift */ = {isa = PBXFileReference; lastKnownFileType = sourcecode.swift; path = FavoriteViewController.swift; sourceTree = "<group>"; };
		E9B26F302A03C2EA007C57D0 /* SearchViewController.swift */ = {isa = PBXFileReference; lastKnownFileType = sourcecode.swift; path = SearchViewController.swift; sourceTree = "<group>"; };
		E9B26F322A03C301007C57D0 /* DownloadsViewController.swift */ = {isa = PBXFileReference; lastKnownFileType = sourcecode.swift; path = DownloadsViewController.swift; sourceTree = "<group>"; };
		E9B26F352A03DC78007C57D0 /* PodcastTableView.swift */ = {isa = PBXFileReference; lastKnownFileType = sourcecode.swift; path = PodcastTableView.swift; sourceTree = "<group>"; };
		E9B26F3A2A03F69E007C57D0 /* SearchViewCell.swift */ = {isa = PBXFileReference; lastKnownFileType = sourcecode.swift; path = SearchViewCell.swift; sourceTree = "<group>"; };
/* End PBXFileReference section */

/* Begin PBXFrameworksBuildPhase section */
		E9B26F0D2A03C0E8007C57D0 /* Frameworks */ = {
			isa = PBXFrameworksBuildPhase;
			buildActionMask = 2147483647;
			files = (
				E94AF5A42A053B6800FBD86D /* Kingfisher in Frameworks */,
				E9B26F392A03E6E9007C57D0 /* Alamofire in Frameworks */,
				E9B26F432A03F862007C57D0 /* SnapKit in Frameworks */,
				E98888392A0803E800C8D46E /* FeedKit in Frameworks */,
			);
			runOnlyForDeploymentPostprocessing = 0;
		};
/* End PBXFrameworksBuildPhase section */

/* Begin PBXGroup section */
		E988883C2A0805EE00C8D46E /* Helpers */ = {
			isa = PBXGroup;
			children = (
				E988883D2A0805F800C8D46E /* Extension.swift */,
			);
			path = Helpers;
			sourceTree = "<group>";
		};
		E9940EDB2A0449E200A55D07 /* Service */ = {
			isa = PBXGroup;
			children = (
				E9940EDC2A0449FA00A55D07 /* SearchService.swift */,
				E988883A2A0803EF00C8D46E /* EpisodeService.swift */,
			);
			path = Service;
			sourceTree = "<group>";
		};
		E9B26F072A03C0E8007C57D0 = {
			isa = PBXGroup;
			children = (
				E9B26F122A03C0E8007C57D0 /* Podcast */,
				E9B26F112A03C0E8007C57D0 /* Products */,
			);
			sourceTree = "<group>";
		};
		E9B26F112A03C0E8007C57D0 /* Products */ = {
			isa = PBXGroup;
			children = (
				E9B26F102A03C0E8007C57D0 /* Podcast.app */,
			);
			name = Products;
			sourceTree = "<group>";
		};
		E9B26F122A03C0E8007C57D0 /* Podcast */ = {
			isa = PBXGroup;
			children = (
				E988883C2A0805EE00C8D46E /* Helpers */,
				E9940EDB2A0449E200A55D07 /* Service */,
				E9B26F2B2A03C139007C57D0 /* Model */,
				E9B26F2A2A03C134007C57D0 /* View */,
				E9B26F292A03C130007C57D0 /* ViewModel */,
				E9B26F282A03C129007C57D0 /* Controller */,
				E9B26F272A03C117007C57D0 /* Files */,
			);
			path = Podcast;
			sourceTree = "<group>";
		};
		E9B26F272A03C117007C57D0 /* Files */ = {
			isa = PBXGroup;
			children = (
				E9B26F132A03C0E8007C57D0 /* AppDelegate.swift */,
				E9B26F152A03C0E8007C57D0 /* SceneDelegate.swift */,
				E9B26F172A03C0E8007C57D0 /* ViewController.swift */,
				E9B26F1C2A03C0E9007C57D0 /* Assets.xcassets */,
				E9B26F1E2A03C0E9007C57D0 /* LaunchScreen.storyboard */,
				E9B26F212A03C0E9007C57D0 /* Info.plist */,
			);
			path = Files;
			sourceTree = "<group>";
		};
		E9B26F282A03C129007C57D0 /* Controller */ = {
			isa = PBXGroup;
			children = (
				E9B26F2C2A03C1EE007C57D0 /* MainTabbarViewController.swift */,
				E9B26F2E2A03C2E1007C57D0 /* FavoriteViewController.swift */,
				E9B26F302A03C2EA007C57D0 /* SearchViewController.swift */,
				E9B26F322A03C301007C57D0 /* DownloadsViewController.swift */,
				E963C3332A07F3BF0029BF9E /* EpisodeViewController.swift */,
			);
			path = Controller;
			sourceTree = "<group>";
		};
		E9B26F292A03C130007C57D0 /* ViewModel */ = {
			isa = PBXGroup;
			children = (
				E94AF5A52A05401900FBD86D /* SearchViewModel.swift */,
			);
			path = ViewModel;
			sourceTree = "<group>";
		};
		E9B26F2A2A03C134007C57D0 /* View */ = {
			isa = PBXGroup;
			children = (
				E9B26F342A03DC44007C57D0 /* Subview */,
				E9B26F3A2A03F69E007C57D0 /* SearchViewCell.swift */,
				E963C3352A07F7EC0029BF9E /* EpisodeViewCell.swift */,
			);
			path = View;
			sourceTree = "<group>";
		};
		E9B26F2B2A03C139007C57D0 /* Model */ = {
			isa = PBXGroup;
			children = (
				E9940ED92A04486800A55D07 /* SearchModel.swift */,
			);
			path = Model;
			sourceTree = "<group>";
		};
		E9B26F342A03DC44007C57D0 /* Subview */ = {
			isa = PBXGroup;
			children = (
				E9B26F352A03DC78007C57D0 /* PodcastTableView.swift */,
			);
			path = Subview;
			sourceTree = "<group>";
		};
/* End PBXGroup section */

/* Begin PBXNativeTarget section */
		E9B26F0F2A03C0E8007C57D0 /* Podcast */ = {
			isa = PBXNativeTarget;
			buildConfigurationList = E9B26F242A03C0E9007C57D0 /* Build configuration list for PBXNativeTarget "Podcast" */;
			buildPhases = (
				E9B26F0C2A03C0E8007C57D0 /* Sources */,
				E9B26F0D2A03C0E8007C57D0 /* Frameworks */,
				E9B26F0E2A03C0E8007C57D0 /* Resources */,
			);
			buildRules = (
			);
			dependencies = (
			);
			name = Podcast;
			packageProductDependencies = (
				E9B26F382A03E6E9007C57D0 /* Alamofire */,
				E9B26F422A03F862007C57D0 /* SnapKit */,
				E94AF5A32A053B6800FBD86D /* Kingfisher */,
				E98888382A0803E800C8D46E /* FeedKit */,
			);
			productName = Podcast;
			productReference = E9B26F102A03C0E8007C57D0 /* Podcast.app */;
			productType = "com.apple.product-type.application";
		};
/* End PBXNativeTarget section */

/* Begin PBXProject section */
		E9B26F082A03C0E8007C57D0 /* Project object */ = {
			isa = PBXProject;
			attributes = {
				BuildIndependentTargetsInParallel = 1;
				LastSwiftUpdateCheck = 1430;
				LastUpgradeCheck = 1430;
				TargetAttributes = {
					E9B26F0F2A03C0E8007C57D0 = {
						CreatedOnToolsVersion = 14.3;
					};
				};
			};
			buildConfigurationList = E9B26F0B2A03C0E8007C57D0 /* Build configuration list for PBXProject "Podcast" */;
			compatibilityVersion = "Xcode 14.0";
			developmentRegion = en;
			hasScannedForEncodings = 0;
			knownRegions = (
				en,
				Base,
			);
			mainGroup = E9B26F072A03C0E8007C57D0;
			packageReferences = (
				E9B26F372A03E6E9007C57D0 /* XCRemoteSwiftPackageReference "Alamofire" */,
				E9B26F412A03F862007C57D0 /* XCRemoteSwiftPackageReference "SnapKit" */,
				E94AF5A22A053B6800FBD86D /* XCRemoteSwiftPackageReference "Kingfisher" */,
				E98888372A0803E800C8D46E /* XCRemoteSwiftPackageReference "FeedKit" */,
			);
			productRefGroup = E9B26F112A03C0E8007C57D0 /* Products */;
			projectDirPath = "";
			projectRoot = "";
			targets = (
				E9B26F0F2A03C0E8007C57D0 /* Podcast */,
			);
		};
/* End PBXProject section */

/* Begin PBXResourcesBuildPhase section */
		E9B26F0E2A03C0E8007C57D0 /* Resources */ = {
			isa = PBXResourcesBuildPhase;
			buildActionMask = 2147483647;
			files = (
				E9B26F202A03C0E9007C57D0 /* LaunchScreen.storyboard in Resources */,
				E9B26F1D2A03C0E9007C57D0 /* Assets.xcassets in Resources */,
			);
			runOnlyForDeploymentPostprocessing = 0;
		};
/* End PBXResourcesBuildPhase section */

/* Begin PBXSourcesBuildPhase section */
		E9B26F0C2A03C0E8007C57D0 /* Sources */ = {
			isa = PBXSourcesBuildPhase;
			buildActionMask = 2147483647;
			files = (
				E9B26F312A03C2EA007C57D0 /* SearchViewController.swift in Sources */,
				E9B26F182A03C0E8007C57D0 /* ViewController.swift in Sources */,
				E9B26F362A03DC78007C57D0 /* PodcastTableView.swift in Sources */,
				E988883B2A0803EF00C8D46E /* EpisodeService.swift in Sources */,
				E9940EDD2A0449FA00A55D07 /* SearchService.swift in Sources */,
				E9B26F3B2A03F69E007C57D0 /* SearchViewCell.swift in Sources */,
				E9B26F332A03C301007C57D0 /* DownloadsViewController.swift in Sources */,
				E988883E2A0805F800C8D46E /* Extension.swift in Sources */,
				E94AF5A62A05401900FBD86D /* SearchViewModel.swift in Sources */,
				E9B26F2D2A03C1EE007C57D0 /* MainTabbarViewController.swift in Sources */,
				E9B26F142A03C0E8007C57D0 /* AppDelegate.swift in Sources */,
				E9940EDA2A04486800A55D07 /* SearchModel.swift in Sources */,
				E9B26F162A03C0E8007C57D0 /* SceneDelegate.swift in Sources */,
				E963C3362A07F7EC0029BF9E /* EpisodeViewCell.swift in Sources */,
				E963C3342A07F3BF0029BF9E /* EpisodeViewController.swift in Sources */,
				E9B26F2F2A03C2E1007C57D0 /* FavoriteViewController.swift in Sources */,
			);
			runOnlyForDeploymentPostprocessing = 0;
		};
/* End PBXSourcesBuildPhase section */

/* Begin PBXVariantGroup section */
		E9B26F1E2A03C0E9007C57D0 /* LaunchScreen.storyboard */ = {
			isa = PBXVariantGroup;
			children = (
				E9B26F1F2A03C0E9007C57D0 /* Base */,
			);
			name = LaunchScreen.storyboard;
			sourceTree = "<group>";
		};
/* End PBXVariantGroup section */

/* Begin XCBuildConfiguration section */
		E9B26F222A03C0E9007C57D0 /* Debug */ = {
			isa = XCBuildConfiguration;
			buildSettings = {
				ALWAYS_SEARCH_USER_PATHS = NO;
				CLANG_ANALYZER_NONNULL = YES;
				CLANG_ANALYZER_NUMBER_OBJECT_CONVERSION = YES_AGGRESSIVE;
				CLANG_CXX_LANGUAGE_STANDARD = "gnu++20";
				CLANG_ENABLE_MODULES = YES;
				CLANG_ENABLE_OBJC_ARC = YES;
				CLANG_ENABLE_OBJC_WEAK = YES;
				CLANG_WARN_BLOCK_CAPTURE_AUTORELEASING = YES;
				CLANG_WARN_BOOL_CONVERSION = YES;
				CLANG_WARN_COMMA = YES;
				CLANG_WARN_CONSTANT_CONVERSION = YES;
				CLANG_WARN_DEPRECATED_OBJC_IMPLEMENTATIONS = YES;
				CLANG_WARN_DIRECT_OBJC_ISA_USAGE = YES_ERROR;
				CLANG_WARN_DOCUMENTATION_COMMENTS = YES;
				CLANG_WARN_EMPTY_BODY = YES;
				CLANG_WARN_ENUM_CONVERSION = YES;
				CLANG_WARN_INFINITE_RECURSION = YES;
				CLANG_WARN_INT_CONVERSION = YES;
				CLANG_WARN_NON_LITERAL_NULL_CONVERSION = YES;
				CLANG_WARN_OBJC_IMPLICIT_RETAIN_SELF = YES;
				CLANG_WARN_OBJC_LITERAL_CONVERSION = YES;
				CLANG_WARN_OBJC_ROOT_CLASS = YES_ERROR;
				CLANG_WARN_QUOTED_INCLUDE_IN_FRAMEWORK_HEADER = YES;
				CLANG_WARN_RANGE_LOOP_ANALYSIS = YES;
				CLANG_WARN_STRICT_PROTOTYPES = YES;
				CLANG_WARN_SUSPICIOUS_MOVE = YES;
				CLANG_WARN_UNGUARDED_AVAILABILITY = YES_AGGRESSIVE;
				CLANG_WARN_UNREACHABLE_CODE = YES;
				CLANG_WARN__DUPLICATE_METHOD_MATCH = YES;
				COPY_PHASE_STRIP = NO;
				DEBUG_INFORMATION_FORMAT = dwarf;
				ENABLE_STRICT_OBJC_MSGSEND = YES;
				ENABLE_TESTABILITY = YES;
				GCC_C_LANGUAGE_STANDARD = gnu11;
				GCC_DYNAMIC_NO_PIC = NO;
				GCC_NO_COMMON_BLOCKS = YES;
				GCC_OPTIMIZATION_LEVEL = 0;
				GCC_PREPROCESSOR_DEFINITIONS = (
					"DEBUG=1",
					"$(inherited)",
				);
				GCC_WARN_64_TO_32_BIT_CONVERSION = YES;
				GCC_WARN_ABOUT_RETURN_TYPE = YES_ERROR;
				GCC_WARN_UNDECLARED_SELECTOR = YES;
				GCC_WARN_UNINITIALIZED_AUTOS = YES_AGGRESSIVE;
				GCC_WARN_UNUSED_FUNCTION = YES;
				GCC_WARN_UNUSED_VARIABLE = YES;
				IPHONEOS_DEPLOYMENT_TARGET = 16.4;
				MTL_ENABLE_DEBUG_INFO = INCLUDE_SOURCE;
				MTL_FAST_MATH = YES;
				ONLY_ACTIVE_ARCH = YES;
				SDKROOT = iphoneos;
				SWIFT_ACTIVE_COMPILATION_CONDITIONS = DEBUG;
				SWIFT_OPTIMIZATION_LEVEL = "-Onone";
			};
			name = Debug;
		};
		E9B26F232A03C0E9007C57D0 /* Release */ = {
			isa = XCBuildConfiguration;
			buildSettings = {
				ALWAYS_SEARCH_USER_PATHS = NO;
				CLANG_ANALYZER_NONNULL = YES;
				CLANG_ANALYZER_NUMBER_OBJECT_CONVERSION = YES_AGGRESSIVE;
				CLANG_CXX_LANGUAGE_STANDARD = "gnu++20";
				CLANG_ENABLE_MODULES = YES;
				CLANG_ENABLE_OBJC_ARC = YES;
				CLANG_ENABLE_OBJC_WEAK = YES;
				CLANG_WARN_BLOCK_CAPTURE_AUTORELEASING = YES;
				CLANG_WARN_BOOL_CONVERSION = YES;
				CLANG_WARN_COMMA = YES;
				CLANG_WARN_CONSTANT_CONVERSION = YES;
				CLANG_WARN_DEPRECATED_OBJC_IMPLEMENTATIONS = YES;
				CLANG_WARN_DIRECT_OBJC_ISA_USAGE = YES_ERROR;
				CLANG_WARN_DOCUMENTATION_COMMENTS = YES;
				CLANG_WARN_EMPTY_BODY = YES;
				CLANG_WARN_ENUM_CONVERSION = YES;
				CLANG_WARN_INFINITE_RECURSION = YES;
				CLANG_WARN_INT_CONVERSION = YES;
				CLANG_WARN_NON_LITERAL_NULL_CONVERSION = YES;
				CLANG_WARN_OBJC_IMPLICIT_RETAIN_SELF = YES;
				CLANG_WARN_OBJC_LITERAL_CONVERSION = YES;
				CLANG_WARN_OBJC_ROOT_CLASS = YES_ERROR;
				CLANG_WARN_QUOTED_INCLUDE_IN_FRAMEWORK_HEADER = YES;
				CLANG_WARN_RANGE_LOOP_ANALYSIS = YES;
				CLANG_WARN_STRICT_PROTOTYPES = YES;
				CLANG_WARN_SUSPICIOUS_MOVE = YES;
				CLANG_WARN_UNGUARDED_AVAILABILITY = YES_AGGRESSIVE;
				CLANG_WARN_UNREACHABLE_CODE = YES;
				CLANG_WARN__DUPLICATE_METHOD_MATCH = YES;
				COPY_PHASE_STRIP = NO;
				DEBUG_INFORMATION_FORMAT = "dwarf-with-dsym";
				ENABLE_NS_ASSERTIONS = NO;
				ENABLE_STRICT_OBJC_MSGSEND = YES;
				GCC_C_LANGUAGE_STANDARD = gnu11;
				GCC_NO_COMMON_BLOCKS = YES;
				GCC_WARN_64_TO_32_BIT_CONVERSION = YES;
				GCC_WARN_ABOUT_RETURN_TYPE = YES_ERROR;
				GCC_WARN_UNDECLARED_SELECTOR = YES;
				GCC_WARN_UNINITIALIZED_AUTOS = YES_AGGRESSIVE;
				GCC_WARN_UNUSED_FUNCTION = YES;
				GCC_WARN_UNUSED_VARIABLE = YES;
				IPHONEOS_DEPLOYMENT_TARGET = 16.4;
				MTL_ENABLE_DEBUG_INFO = NO;
				MTL_FAST_MATH = YES;
				SDKROOT = iphoneos;
				SWIFT_COMPILATION_MODE = wholemodule;
				SWIFT_OPTIMIZATION_LEVEL = "-O";
				VALIDATE_PRODUCT = YES;
			};
			name = Release;
		};
		E9B26F252A03C0E9007C57D0 /* Debug */ = {
			isa = XCBuildConfiguration;
			buildSettings = {
				ASSETCATALOG_COMPILER_APPICON_NAME = AppIcon;
				ASSETCATALOG_COMPILER_GLOBAL_ACCENT_COLOR_NAME = AccentColor;
				CODE_SIGN_STYLE = Automatic;
				CURRENT_PROJECT_VERSION = 1;
				DEVELOPMENT_TEAM = 5Z6579228A;
				GENERATE_INFOPLIST_FILE = YES;
				INFOPLIST_FILE = Podcast/Files/Info.plist;
				INFOPLIST_KEY_UIApplicationSupportsIndirectInputEvents = YES;
				INFOPLIST_KEY_UILaunchStoryboardName = LaunchScreen;
				INFOPLIST_KEY_UISupportedInterfaceOrientations_iPad = "UIInterfaceOrientationPortrait UIInterfaceOrientationPortraitUpsideDown UIInterfaceOrientationLandscapeLeft UIInterfaceOrientationLandscapeRight";
				INFOPLIST_KEY_UISupportedInterfaceOrientations_iPhone = "UIInterfaceOrientationPortrait UIInterfaceOrientationLandscapeLeft UIInterfaceOrientationLandscapeRight";
				LD_RUNPATH_SEARCH_PATHS = (
					"$(inherited)",
					"@executable_path/Frameworks",
				);
				MARKETING_VERSION = 1.0;
				PRODUCT_BUNDLE_IDENTIFIER = com.aykutipek.Podcast;
				PRODUCT_NAME = "$(TARGET_NAME)";
				SWIFT_EMIT_LOC_STRINGS = YES;
				SWIFT_VERSION = 5.0;
				TARGETED_DEVICE_FAMILY = "1,2";
			};
			name = Debug;
		};
		E9B26F262A03C0E9007C57D0 /* Release */ = {
			isa = XCBuildConfiguration;
			buildSettings = {
				ASSETCATALOG_COMPILER_APPICON_NAME = AppIcon;
				ASSETCATALOG_COMPILER_GLOBAL_ACCENT_COLOR_NAME = AccentColor;
				CODE_SIGN_STYLE = Automatic;
				CURRENT_PROJECT_VERSION = 1;
				DEVELOPMENT_TEAM = 5Z6579228A;
				GENERATE_INFOPLIST_FILE = YES;
				INFOPLIST_FILE = Podcast/Files/Info.plist;
				INFOPLIST_KEY_UIApplicationSupportsIndirectInputEvents = YES;
				INFOPLIST_KEY_UILaunchStoryboardName = LaunchScreen;
				INFOPLIST_KEY_UISupportedInterfaceOrientations_iPad = "UIInterfaceOrientationPortrait UIInterfaceOrientationPortraitUpsideDown UIInterfaceOrientationLandscapeLeft UIInterfaceOrientationLandscapeRight";
				INFOPLIST_KEY_UISupportedInterfaceOrientations_iPhone = "UIInterfaceOrientationPortrait UIInterfaceOrientationLandscapeLeft UIInterfaceOrientationLandscapeRight";
				LD_RUNPATH_SEARCH_PATHS = (
					"$(inherited)",
					"@executable_path/Frameworks",
				);
				MARKETING_VERSION = 1.0;
				PRODUCT_BUNDLE_IDENTIFIER = com.aykutipek.Podcast;
				PRODUCT_NAME = "$(TARGET_NAME)";
				SWIFT_EMIT_LOC_STRINGS = YES;
				SWIFT_VERSION = 5.0;
				TARGETED_DEVICE_FAMILY = "1,2";
			};
			name = Release;
		};
/* End XCBuildConfiguration section */

/* Begin XCConfigurationList section */
		E9B26F0B2A03C0E8007C57D0 /* Build configuration list for PBXProject "Podcast" */ = {
			isa = XCConfigurationList;
			buildConfigurations = (
				E9B26F222A03C0E9007C57D0 /* Debug */,
				E9B26F232A03C0E9007C57D0 /* Release */,
			);
			defaultConfigurationIsVisible = 0;
			defaultConfigurationName = Release;
		};
		E9B26F242A03C0E9007C57D0 /* Build configuration list for PBXNativeTarget "Podcast" */ = {
			isa = XCConfigurationList;
			buildConfigurations = (
				E9B26F252A03C0E9007C57D0 /* Debug */,
				E9B26F262A03C0E9007C57D0 /* Release */,
			);
			defaultConfigurationIsVisible = 0;
			defaultConfigurationName = Release;
		};
/* End XCConfigurationList section */

/* Begin XCRemoteSwiftPackageReference section */
		E94AF5A22A053B6800FBD86D /* XCRemoteSwiftPackageReference "Kingfisher" */ = {
			isa = XCRemoteSwiftPackageReference;
			repositoryURL = "https://github.com/onevcat/Kingfisher.git";
			requirement = {
				kind = upToNextMajorVersion;
				minimumVersion = 7.0.0;
			};
		};
		E98888372A0803E800C8D46E /* XCRemoteSwiftPackageReference "FeedKit" */ = {
			isa = XCRemoteSwiftPackageReference;
			repositoryURL = "https://github.com/nmdias/FeedKit.git";
			requirement = {
				kind = upToNextMajorVersion;
				minimumVersion = 9.0.0;
			};
		};
		E9B26F372A03E6E9007C57D0 /* XCRemoteSwiftPackageReference "Alamofire" */ = {
			isa = XCRemoteSwiftPackageReference;
			repositoryURL = "https://github.com/Alamofire/Alamofire.git";
			requirement = {
				kind = upToNextMajorVersion;
				minimumVersion = 5.0.0;
			};
		};
		E9B26F412A03F862007C57D0 /* XCRemoteSwiftPackageReference "SnapKit" */ = {
			isa = XCRemoteSwiftPackageReference;
			repositoryURL = "https://github.com/SnapKit/SnapKit.git";
			requirement = {
				kind = upToNextMajorVersion;
				minimumVersion = 5.0.0;
			};
		};
/* End XCRemoteSwiftPackageReference section */

/* Begin XCSwiftPackageProductDependency section */
		E94AF5A32A053B6800FBD86D /* Kingfisher */ = {
			isa = XCSwiftPackageProductDependency;
			package = E94AF5A22A053B6800FBD86D /* XCRemoteSwiftPackageReference "Kingfisher" */;
			productName = Kingfisher;
		};
		E98888382A0803E800C8D46E /* FeedKit */ = {
			isa = XCSwiftPackageProductDependency;
			package = E98888372A0803E800C8D46E /* XCRemoteSwiftPackageReference "FeedKit" */;
			productName = FeedKit;
		};
		E9B26F382A03E6E9007C57D0 /* Alamofire */ = {
			isa = XCSwiftPackageProductDependency;
			package = E9B26F372A03E6E9007C57D0 /* XCRemoteSwiftPackageReference "Alamofire" */;
			productName = Alamofire;
		};
		E9B26F422A03F862007C57D0 /* SnapKit */ = {
			isa = XCSwiftPackageProductDependency;
			package = E9B26F412A03F862007C57D0 /* XCRemoteSwiftPackageReference "SnapKit" */;
			productName = SnapKit;
		};
/* End XCSwiftPackageProductDependency section */
	};
	rootObject = E9B26F082A03C0E8007C57D0 /* Project object */;
}
